
Microsoft Visual Studio Solution File, Format Version 10.00
# Visual Studio 2008
Project("{F14B399A-7131-4C87-9E4B-1186C45EF12D}") = "Galaxy_Repots", "Galaxy_Repots\Galaxy_Repots.rptproj", "{6C910BC6-A7BA-4834-9E59-D6953A68D434}"
EndProject
Global
	GlobalSection(SolutionConfigurationPlatforms) = preSolution
		Debug|Default = Debug|Default
		DebugLocal|Default = DebugLocal|Default
		Release|Default = Release|Default
	EndGlobalSection
	GlobalSection(ProjectConfigurationPlatforms) = postSolution
		{6C910BC6-A7BA-4834-9E59-D6953A68D434}.Debug|Default.ActiveCfg = Debug
		{6C910BC6-A7BA-4834-9E59-D6953A68D434}.Debug|Default.Build.0 = DebugLocal
		{6C910BC6-A7BA-4834-9E59-D6953A68D434}.Debug|Default.Deploy.0 = DebugLocal
		{6C910BC6-A7BA-4834-9E59-D6953A68D434}.DebugLocal|Default.ActiveCfg = DebugLocal
		{6C910BC6-A7BA-4834-9E59-D6953A68D434}.DebugLocal|Default.Build.0 = DebugLocal
		{6C910BC6-A7BA-4834-9E59-D6953A68D434}.Release|Default.ActiveCfg = Release
		{6C910BC6-A7BA-4834-9E59-D6953A68D434}.Release|Default.Build.0 = Release
		{6C910BC6-A7BA-4834-9E59-D6953A68D434}.Release|Default.Deploy.0 = Release
	EndGlobalSection
	GlobalSection(SolutionProperties) = preSolution
		HideSolutionNode = FALSE
	EndGlobalSection
EndGlobal
